
Microsoft Visual Studio Solution File, Format Version 12.00
# Visual Studio 14
VisualStudioVersion = 14.0.25420.1
MinimumVisualStudioVersion = 10.0.40219.1
Project("{FAE04EC0-301F-11D3-BF4B-00C04F79EFBC}") = "ASpWebApi_AppSample", "ASpWebApi_AppSample\ASpWebApi_AppSample.csproj", "{CC8693B9-1271-4A61-A934-987A34C3D58E}"
EndProject
Global
	GlobalSection(SolutionConfigurationPlatforms) = preSolution
		Debug|Any CPU = Debug|Any CPU
		Release|Any CPU = Release|Any CPU
	EndGlobalSection
	GlobalSection(ProjectConfigurationPlatforms) = postSolution
		{CC8693B9-1271-4A61-A934-987A34C3D58E}.Debug|Any CPU.ActiveCfg = Debug|Any CPU
		{CC8693B9-1271-4A61-A934-987A34C3D58E}.Debug|Any CPU.Build.0 = Debug|Any CPU
		{CC8693B9-1271-4A61-A934-987A34C3D58E}.Release|Any CPU.ActiveCfg = Release|Any CPU
		{CC8693B9-1271-4A61-A934-987A34C3D58E}.Release|Any CPU.Build.0 = Release|Any CPU
	EndGlobalSection
	GlobalSection(SolutionProperties) = preSolution
		HideSolutionNode = FALSE
	EndGlobalSection
EndGlobal
